
Microsoft Visual Studio Solution File, Format Version 12.00
# Visual Studio Version 17
VisualStudioVersion = 17.11.35327.3
MinimumVisualStudioVersion = 10.0.40219.1
Project("{9A19103F-16F7-4668-BE54-9A1E7A4F7556}") = "AssignmentOne", "AssignmentOne.csproj", "{A497A54A-A8CC-45CA-A4E5-0BC152187B36}"
EndProject
Global
	GlobalSection(SolutionConfigurationPlatforms) = preSolution
		Debug|Any CPU = Debug|Any CPU
		Release|Any CPU = Release|Any CPU
	EndGlobalSection
	GlobalSection(ProjectConfigurationPlatforms) = postSolution
		{A497A54A-A8CC-45CA-A4E5-0BC152187B36}.Debug|Any CPU.ActiveCfg = Debug|Any CPU
		{A497A54A-A8CC-45CA-A4E5-0BC152187B36}.Debug|Any CPU.Build.0 = Debug|Any CPU
		{A497A54A-A8CC-45CA-A4E5-0BC152187B36}.Release|Any CPU.ActiveCfg = Release|Any CPU
		{A497A54A-A8CC-45CA-A4E5-0BC152187B36}.Release|Any CPU.Build.0 = Release|Any CPU
	EndGlobalSection
	GlobalSection(SolutionProperties) = preSolution
		HideSolutionNode = FALSE
	EndGlobalSection
	GlobalSection(ExtensibilityGlobals) = postSolution
		SolutionGuid = {AFF5D1B4-CCCE-46E2-A843-39FB247545B9}
	EndGlobalSection
EndGlobal
