
Microsoft Visual Studio Solution File, Format Version 12.00
# Visual Studio Version 17
VisualStudioVersion = 17.11.35327.3
MinimumVisualStudioVersion = 10.0.40219.1
Project("{9A19103F-16F7-4668-BE54-9A1E7A4F7556}") = "AssignmentTwoQOne", "Assignment\AssignmentTwoQOne.csproj", "{151A92B2-387A-4ED0-9A87-576CFEA0A9C3}"
EndProject
Global
	GlobalSection(SolutionConfigurationPlatforms) = preSolution
		Debug|Any CPU = Debug|Any CPU
		Release|Any CPU = Release|Any CPU
	EndGlobalSection
	GlobalSection(ProjectConfigurationPlatforms) = postSolution
		{151A92B2-387A-4ED0-9A87-576CFEA0A9C3}.Debug|Any CPU.ActiveCfg = Debug|Any CPU
		{151A92B2-387A-4ED0-9A87-576CFEA0A9C3}.Debug|Any CPU.Build.0 = Debug|Any CPU
		{151A92B2-387A-4ED0-9A87-576CFEA0A9C3}.Release|Any CPU.ActiveCfg = Release|Any CPU
		{151A92B2-387A-4ED0-9A87-576CFEA0A9C3}.Release|Any CPU.Build.0 = Release|Any CPU
	EndGlobalSection
	GlobalSection(SolutionProperties) = preSolution
		HideSolutionNode = FALSE
	EndGlobalSection
	GlobalSection(ExtensibilityGlobals) = postSolution
		SolutionGuid = {FA2C76FF-1154-4D9F-8E4C-9B7DE75429FD}
	EndGlobalSection
EndGlobal
