
Microsoft Visual Studio Solution File, Format Version 12.00
# Visual Studio Version 17
VisualStudioVersion = 17.11.35327.3
MinimumVisualStudioVersion = 10.0.40219.1
Project("{FAE04EC0-301F-11D3-BF4B-00C04F79EFBC}") = "AssignmentTwoFive", "AssignmentTwoFive\AssignmentTwoFive.csproj", "{7AE15C9F-12DD-4756-9C52-7680BCF000A2}"
EndProject
Global
	GlobalSection(SolutionConfigurationPlatforms) = preSolution
		Debug|Any CPU = Debug|Any CPU
		Release|Any CPU = Release|Any CPU
	EndGlobalSection
	GlobalSection(ProjectConfigurationPlatforms) = postSolution
		{7AE15C9F-12DD-4756-9C52-7680BCF000A2}.Debug|Any CPU.ActiveCfg = Debug|Any CPU
		{7AE15C9F-12DD-4756-9C52-7680BCF000A2}.Debug|Any CPU.Build.0 = Debug|Any CPU
		{7AE15C9F-12DD-4756-9C52-7680BCF000A2}.Release|Any CPU.ActiveCfg = Release|Any CPU
		{7AE15C9F-12DD-4756-9C52-7680BCF000A2}.Release|Any CPU.Build.0 = Release|Any CPU
	EndGlobalSection
	GlobalSection(SolutionProperties) = preSolution
		HideSolutionNode = FALSE
	EndGlobalSection
	GlobalSection(ExtensibilityGlobals) = postSolution
		SolutionGuid = {BFC789AC-6651-4E92-9353-088C85F313ED}
	EndGlobalSection
EndGlobal
